// !$*UTF8*$!
{
	archiveVersion = 1;
	classes = {
	};
	objectVersion = 46;
	objects = {

/* Begin PBXBuildFile section */
		2464B8A21CD1237D00026D35 /* AppDelegate.swift in Sources */ = {isa = PBXBuildFile; fileRef = 2464B8A11CD1237D00026D35 /* AppDelegate.swift */; };
		2464B8A41CD1237D00026D35 /* ViewController.swift in Sources */ = {isa = PBXBuildFile; fileRef = 2464B8A31CD1237D00026D35 /* ViewController.swift */; };
		2464B8A71CD1237D00026D35 /* Main.storyboard in Resources */ = {isa = PBXBuildFile; fileRef = 2464B8A51CD1237D00026D35 /* Main.storyboard */; };
		2464B8A91CD1237D00026D35 /* Assets.xcassets in Resources */ = {isa = PBXBuildFile; fileRef = 2464B8A81CD1237D00026D35 /* Assets.xcassets */; };
		2464B8AC1CD1237D00026D35 /* LaunchScreen.storyboard in Resources */ = {isa = PBXBuildFile; fileRef = 2464B8AA1CD1237D00026D35 /* LaunchScreen.storyboard */; };
/* End PBXBuildFile section */

/* Begin PBXFileReference section */
		2464B89E1CD1237D00026D35 /* DailyPayiPhoneApp.app */ = {isa = PBXFileReference; explicitFileType = wrapper.application; includeInIndex = 0; path = DailyPayiPhoneApp.app; sourceTree = BUILT_PRODUCTS_DIR; };
		2464B8A11CD1237D00026D35 /* AppDelegate.swift */ = {isa = PBXFileReference; lastKnownFileType = sourcecode.swift; path = AppDelegate.swift; sourceTree = "<group>"; };
		2464B8A31CD1237D00026D35 /* ViewController.swift */ = {isa = PBXFileReference; lastKnownFileType = sourcecode.swift; path = ViewController.swift; sourceTree = "<group>"; };
		2464B8A61CD1237D00026D35 /* Base */ = {isa = PBXFileReference; lastKnownFileType = file.storyboard; name = Base; path = Base.lproj/Main.storyboard; sourceTree = "<group>"; };
		2464B8A81CD1237D00026D35 /* Assets.xcassets */ = {isa = PBXFileReference; lastKnownFileType = folder.assetcatalog; path = Assets.xcassets; sourceTree = "<group>"; };
		2464B8AB1CD1237D00026D35 /* Base */ = {isa = PBXFileReference; lastKnownFileType = file.storyboard; name = Base; path = Base.lproj/LaunchScreen.storyboard; sourceTree = "<group>"; };
		2464B8AD1CD1237D00026D35 /* Info.plist */ = {isa = PBXFileReference; lastKnownFileType = text.plist.xml; path = Info.plist; sourceTree = "<group>"; };
/* End PBXFileReference section */

/* Begin PBXFrameworksBuildPhase section */
		2464B89B1CD1237D00026D35 /* Frameworks */ = {
			isa = PBXFrameworksBuildPhase;
			buildActionMask = 2147483647;
			files = (
			);
			runOnlyForDeploymentPostprocessing = 0;
		};
/* End PBXFrameworksBuildPhase section */

/* Begin PBXGroup section */
		2464B8951CD1237D00026D35 = {
			isa = PBXGroup;
			children = (
				2464B8A01CD1237D00026D35 /* DailyPayiPhoneApp */,
				2464B89F1CD1237D00026D35 /* Products */,
			);
			sourceTree = "<group>";
		};
		2464B89F1CD1237D00026D35 /* Products */ = {
			isa = PBXGroup;
			children = (
				2464B89E1CD1237D00026D35 /* DailyPayiPhoneApp.app */,
			);
			name = Products;
			sourceTree = "<group>";
		};
		2464B8A01CD1237D00026D35 /* DailyPayiPhoneApp */ = {
			isa = PBXGroup;
			children = (
				2464B8A11CD1237D00026D35 /* AppDelegate.swift */,
				2464B8A31CD1237D00026D35 /* ViewController.swift */,
				2464B8A51CD1237D00026D35 /* Main.storyboard */,
				2464B8A81CD1237D00026D35 /* Assets.xcassets */,
				2464B8AA1CD1237D00026D35 /* LaunchScreen.storyboard */,
				2464B8AD1CD1237D00026D35 /* Info.plist */,
			);
			path = DailyPayiPhoneApp;
			sourceTree = "<group>";
		};
/* End PBXGroup section */

/* Begin PBXNativeTarget section */
		2464B89D1CD1237D00026D35 /* DailyPayiPhoneApp */ = {
			isa = PBXNativeTarget;
			buildConfigurationList = 2464B8B01CD1237D00026D35 /* Build configuration list for PBXNativeTarget "DailyPayiPhoneApp" */;
			buildPhases = (
				2464B89A1CD1237D00026D35 /* Sources */,
				2464B89B1CD1237D00026D35 /* Frameworks */,
				2464B89C1CD1237D00026D35 /* Resources */,
			);
			buildRules = (
			);
			dependencies = (
			);
			name = DailyPayiPhoneApp;
			productName = DailyPayiPhoneApp;
			productReference = 2464B89E1CD1237D00026D35 /* DailyPayiPhoneApp.app */;
			productType = "com.apple.product-type.application";
		};
/* End PBXNativeTarget section */

/* Begin PBXProject section */
		2464B8961CD1237D00026D35 /* Project object */ = {
			isa = PBXProject;
			attributes = {
				LastSwiftUpdateCheck = 0720;
				LastUpgradeCheck = 0720;
				ORGANIZATIONNAME = fnord;
				TargetAttributes = {
					2464B89D1CD1237D00026D35 = {
						CreatedOnToolsVersion = 7.2;
					};
				};
			};
			buildConfigurationList = 2464B8991CD1237D00026D35 /* Build configuration list for PBXProject "DailyPayiPhoneApp" */;
			compatibilityVersion = "Xcode 3.2";
			developmentRegion = English;
			hasScannedForEncodings = 0;
			knownRegions = (
				en,
				Base,
			);
			mainGroup = 2464B8951CD1237D00026D35;
			productRefGroup = 2464B89F1CD1237D00026D35 /* Products */;
			projectDirPath = "";
			projectRoot = "";
			targets = (
				2464B89D1CD1237D00026D35 /* DailyPayiPhoneApp */,
			);
		};
/* End PBXProject section */

/* Begin PBXResourcesBuildPhase section */
		2464B89C1CD1237D00026D35 /* Resources */ = {
			isa = PBXResourcesBuildPhase;
			buildActionMask = 2147483647;
			files = (
				2464B8AC1CD1237D00026D35 /* LaunchScreen.storyboard in Resources */,
				2464B8A91CD1237D00026D35 /* Assets.xcassets in Resources */,
				2464B8A71CD1237D00026D35 /* Main.storyboard in Resources */,
			);
			runOnlyForDeploymentPostprocessing = 0;
		};
/* End PBXResourcesBuildPhase section */

/* Begin PBXSourcesBuildPhase section */
		2464B89A1CD1237D00026D35 /* Sources */ = {
			isa = PBXSourcesBuildPhase;
			buildActionMask = 2147483647;
			files = (
				2464B8A41CD1237D00026D35 /* ViewController.swift in Sources */,
				2464B8A21CD1237D00026D35 /* AppDelegate.swift in Sources */,
			);
			runOnlyForDeploymentPostprocessing = 0;
		};
/* End PBXSourcesBuildPhase section */

/* Begin PBXVariantGroup section */
		2464B8A51CD1237D00026D35 /* Main.storyboard */ = {
			isa = PBXVariantGroup;
			children = (
				2464B8A61CD1237D00026D35 /* Base */,
			);
			name = Main.storyboard;
			sourceTree = "<group>";
		};
		2464B8AA1CD1237D00026D35 /* LaunchScreen.storyboard */ = {
			isa = PBXVariantGroup;
			children = (
				2464B8AB1CD1237D00026D35 /* Base */,
			);
			name = LaunchScreen.storyboard;
			sourceTree = "<group>";
		};
/* End PBXVariantGroup section */

/* Begin XCBuildConfiguration section */
		2464B8AE1CD1237D00026D35 /* Debug */ = {
			isa = XCBuildConfiguration;
			buildSettings = {
				ALWAYS_SEARCH_USER_PATHS = NO;
				CLANG_CXX_LANGUAGE_STANDARD = "gnu++0x";
				CLANG_CXX_LIBRARY = "libc++";
				CLANG_ENABLE_MODULES = YES;
				CLANG_ENABLE_OBJC_ARC = YES;
				CLANG_WARN_BOOL_CONVERSION = YES;
				CLANG_WARN_CONSTANT_CONVERSION = YES;
				CLANG_WARN_DIRECT_OBJC_ISA_USAGE = YES_ERROR;
				CLANG_WARN_EMPTY_BODY = YES;
				CLANG_WARN_ENUM_CONVERSION = YES;
				CLANG_WARN_INT_CONVERSION = YES;
				CLANG_WARN_OBJC_ROOT_CLASS = YES_ERROR;
				CLANG_WARN_UNREACHABLE_CODE = YES;
				CLANG_WARN__DUPLICATE_METHOD_MATCH = YES;
				"CODE_SIGN_IDENTITY[sdk=iphoneos*]" = "iPhone Developer";
				COPY_PHASE_STRIP = NO;
				DEBUG_INFORMATION_FORMAT = dwarf;
				ENABLE_STRICT_OBJC_MSGSEND = YES;
				ENABLE_TESTABILITY = YES;
				GCC_C_LANGUAGE_STANDARD = gnu99;
				GCC_DYNAMIC_NO_PIC = NO;
				GCC_NO_COMMON_BLOCKS = YES;
				GCC_OPTIMIZATION_LEVEL = 0;
				GCC_PREPROCESSOR_DEFINITIONS = (
					"DEBUG=1",
					"$(inherited)",
				);
				GCC_WARN_64_TO_32_BIT_CONVERSION = YES;
				GCC_WARN_ABOUT_RETURN_TYPE = YES_ERROR;
				GCC_WARN_UNDECLARED_SELECTOR = YES;
				GCC_WARN_UNINITIALIZED_AUTOS = YES_AGGRESSIVE;
				GCC_WARN_UNUSED_FUNCTION = YES;
				GCC_WARN_UNUSED_VARIABLE = YES;
				IPHONEOS_DEPLOYMENT_TARGET = 9.2;
				MTL_ENABLE_DEBUG_INFO = YES;
				ONLY_ACTIVE_ARCH = YES;
				SDKROOT = iphoneos;
				SWIFT_OPTIMIZATION_LEVEL = "-Onone";
			};
			name = Debug;
		};
		2464B8AF1CD1237D00026D35 /* Release */ = {
			isa = XCBuildConfiguration;
			buildSettings = {
				ALWAYS_SEARCH_USER_PATHS = NO;
				CLANG_CXX_LANGUAGE_STANDARD = "gnu++0x";
				CLANG_CXX_LIBRARY = "libc++";
				CLANG_ENABLE_MODULES = YES;
				CLANG_ENABLE_OBJC_ARC = YES;
				CLANG_WARN_BOOL_CONVERSION = YES;
				CLANG_WARN_CONSTANT_CONVERSION = YES;
				CLANG_WARN_DIRECT_OBJC_ISA_USAGE = YES_ERROR;
				CLANG_WARN_EMPTY_BODY = YES;
				CLANG_WARN_ENUM_CONVERSION = YES;
				CLANG_WARN_INT_CONVERSION = YES;
				CLANG_WARN_OBJC_ROOT_CLASS = YES_ERROR;
				CLANG_WARN_UNREACHABLE_CODE = YES;
				CLANG_WARN__DUPLICATE_METHOD_MATCH = YES;
				"CODE_SIGN_IDENTITY[sdk=iphoneos*]" = "iPhone Developer";
				COPY_PHASE_STRIP = NO;
				DEBUG_INFORMATION_FORMAT = "dwarf-with-dsym";
				ENABLE_NS_ASSERTIONS = NO;
				ENABLE_STRICT_OBJC_MSGSEND = YES;
				GCC_C_LANGUAGE_STANDARD = gnu99;
				GCC_NO_COMMON_BLOCKS = YES;
				GCC_WARN_64_TO_32_BIT_CONVERSION = YES;
				GCC_WARN_ABOUT_RETURN_TYPE = YES_ERROR;
				GCC_WARN_UNDECLARED_SELECTOR = YES;
				GCC_WARN_UNINITIALIZED_AUTOS = YES_AGGRESSIVE;
				GCC_WARN_UNUSED_FUNCTION = YES;
				GCC_WARN_UNUSED_VARIABLE = YES;
				IPHONEOS_DEPLOYMENT_TARGET = 9.2;
				MTL_ENABLE_DEBUG_INFO = NO;
				SDKROOT = iphoneos;
				VALIDATE_PRODUCT = YES;
			};
			name = Release;
		};
		2464B8B11CD1237D00026D35 /* Debug */ = {
			isa = XCBuildConfiguration;
			buildSettings = {
				ASSETCATALOG_COMPILER_APPICON_NAME = AppIcon;
				INFOPLIST_FILE = DailyPayiPhoneApp/Info.plist;
				LD_RUNPATH_SEARCH_PATHS = "$(inherited) @executable_path/Frameworks";
				PRODUCT_BUNDLE_IDENTIFIER = edu.deanza.areilly.DailyPayiPhoneApp;
				PRODUCT_NAME = "$(TARGET_NAME)";
			};
			name = Debug;
		};
		2464B8B21CD1237D00026D35 /* Release */ = {
			isa = XCBuildConfiguration;
			buildSettings = {
				ASSETCATALOG_COMPILER_APPICON_NAME = AppIcon;
				INFOPLIST_FILE = DailyPayiPhoneApp/Info.plist;
				LD_RUNPATH_SEARCH_PATHS = "$(inherited) @executable_path/Frameworks";
				PRODUCT_BUNDLE_IDENTIFIER = edu.deanza.areilly.DailyPayiPhoneApp;
				PRODUCT_NAME = "$(TARGET_NAME)";
			};
			name = Release;
		};
/* End XCBuildConfiguration section */

/* Begin XCConfigurationList section */
		2464B8991CD1237D00026D35 /* Build configuration list for PBXProject "DailyPayiPhoneApp" */ = {
			isa = XCConfigurationList;
			buildConfigurations = (
				2464B8AE1CD1237D00026D35 /* Debug */,
				2464B8AF1CD1237D00026D35 /* Release */,
			);
			defaultConfigurationIsVisible = 0;
			defaultConfigurationName = Release;
		};
		2464B8B01CD1237D00026D35 /* Build configuration list for PBXNativeTarget "DailyPayiPhoneApp" */ = {
			isa = XCConfigurationList;
			buildConfigurations = (
				2464B8B11CD1237D00026D35 /* Debug */,
				2464B8B21CD1237D00026D35 /* Release */,
			);
			defaultConfigurationIsVisible = 0;
		};
/* End XCConfigurationList section */
	};
	rootObject = 2464B8961CD1237D00026D35 /* Project object */;
}
